
Microsoft Visual Studio Solution File, Format Version 12.00
# Visual Studio 15
VisualStudioVersion = 15.0.28307.779
MinimumVisualStudioVersion = 10.0.40219.1
Project("{FAE04EC0-301F-11D3-BF4B-00C04F79EFBC}") = "modbus_test", "modbus_test\modbus_test.csproj", "{0ABA6408-58D7-49BD-BFDD-472EE5820173}"
EndProject
Project("{2150E333-8FDC-42A3-9474-1A3956D46DE8}") = "Solution Items", "Solution Items", "{7677705F-3B02-4A1A-8ABC-277E57E9A613}"
EndProject
Global
	GlobalSection(SolutionConfigurationPlatforms) = preSolution
		Debug|Any CPU = Debug|Any CPU
		Release|Any CPU = Release|Any CPU
	EndGlobalSection
	GlobalSection(ProjectConfigurationPlatforms) = postSolution
		{0ABA6408-58D7-49BD-BFDD-472EE5820173}.Debug|Any CPU.ActiveCfg = Debug|Any CPU
		{0ABA6408-58D7-49BD-BFDD-472EE5820173}.Debug|Any CPU.Build.0 = Debug|Any CPU
		{0ABA6408-58D7-49BD-BFDD-472EE5820173}.Release|Any CPU.ActiveCfg = Release|Any CPU
		{0ABA6408-58D7-49BD-BFDD-472EE5820173}.Release|Any CPU.Build.0 = Release|Any CPU
	EndGlobalSection
	GlobalSection(SolutionProperties) = preSolution
		HideSolutionNode = FALSE
	EndGlobalSection
	GlobalSection(ExtensibilityGlobals) = postSolution
		SolutionGuid = {D9989229-26B6-41E3-BBC9-BA617ACC1170}
	EndGlobalSection
EndGlobal
